{
  "name": "@sanalabs/y-json",
  "version": "0.1.17",
  "lockfileVersion": 2,
  "requires": true,
  "packages": {
    "": {
      "name": "@sanalabs/y-json",
      "version": "0.1.17",
      "license": "ISC",
      "dependencies": {
        "lodash": "^4.17.21"
      },
      "devDependencies": {
        "@types/lodash": "^4.14.177",
        "fast-check": "^2.19.0",
        "yjs": "^13.5.23"
      },
      "peerDependencies": {
        "yjs": "^13"
      }
    },
    "node_modules/@types/lodash": {
      "version": "4.14.178",
      "resolved": "https://registry.npmjs.org/@types/lodash/-/lodash-4.14.178.tgz",
      "integrity": "sha512-0d5Wd09ItQWH1qFbEyQ7oTQ3GZrMfth5JkbN3EvTKLXcHLRDSXeLnlvlOn0wvxVIwK5o2M8JzP/OWz7T3NRsbw==",
      "dev": true
    },
    "node_modules/fast-check": {
      "version": "2.20.0",
      "resolved": "https://registry.npmjs.org/fast-check/-/fast-check-2.20.0.tgz",
      "integrity": "sha512-tFNjLyPnOUg6iimVxOtoWMJOIyybCo7B8gUGm1yv43jDCQ0hlPUn0fmna/XO/n1yPxn/dxQw3+IygPSbMDiiog==",
      "dev": true,
      "dependencies": {
        "pure-rand": "^5.0.0"
      },
      "engines": {
        "node": ">=8.0.0"
      },
      "funding": {
        "type": "opencollective",
        "url": "https://opencollective.com/fast-check"
      }
    },
    "node_modules/isomorphic.js": {
      "version": "0.2.4",
      "resolved": "https://registry.npmjs.org/isomorphic.js/-/isomorphic.js-0.2.4.tgz",
      "integrity": "sha512-Y4NjZceAwaPXctwsHgNsmfuPxR8lJ3f8X7QTAkhltrX4oGIv+eTlgHLXn4tWysC9zGTi929gapnPp+8F8cg7nA==",
      "dev": true,
      "funding": {
        "type": "GitHub Sponsors ❤",
        "url": "https://github.com/sponsors/dmonad"
      }
    },
    "node_modules/lib0": {
      "version": "0.2.43",
      "resolved": "https://registry.npmjs.org/lib0/-/lib0-0.2.43.tgz",
      "integrity": "sha512-MJ1KLoz5p3gljIUBfdjjNuL/wlWHHK6+DrcIRhzSRLvtAu1XNdRtRGATYM51KSTI0P2nxJZFQM8rwCH6ga9KUw==",
      "dev": true,
      "dependencies": {
        "isomorphic.js": "^0.2.4"
      },
      "engines": {
        "node": ">=12"
      },
      "funding": {
        "type": "GitHub Sponsors ❤",
        "url": "https://github.com/sponsors/dmonad"
      }
    },
    "node_modules/lodash": {
      "version": "4.17.21",
      "resolved": "https://registry.npmjs.org/lodash/-/lodash-4.17.21.tgz",
      "integrity": "sha512-v2kDEe57lecTulaDIuNTPy3Ry4gLGJ6Z1O3vE1krgXZNrsQ+LFTGHVxVjcXPs17LhbZVGedAJv8XZ1tvj5FvSg=="
    },
    "node_modules/pure-rand": {
      "version": "5.0.0",
      "resolved": "https://registry.npmjs.org/pure-rand/-/pure-rand-5.0.0.tgz",
      "integrity": "sha512-lD2/y78q+7HqBx2SaT6OT4UcwtvXNRfEpzYEzl0EQ+9gZq2Qi3fa0HDnYPeqQwhlHJFBUhT7AO3mLU3+8bynHA==",
      "dev": true,
      "funding": {
        "type": "opencollective",
        "url": "https://opencollective.com/fast-check"
      }
    },
    "node_modules/yjs": {
      "version": "13.5.23",
      "resolved": "https://registry.npmjs.org/yjs/-/yjs-13.5.23.tgz",
      "integrity": "sha512-6FIERqyRmUsUXe8QmwiNuPMPuN/IBIpy/748zvVghcwQICFnpXdrIqpvewVN3bf6G1a677wqCtgkbxQvcDPD5w==",
      "dev": true,
      "hasInstallScript": true,
      "dependencies": {
        "lib0": "^0.2.43"
      },
      "funding": {
        "type": "GitHub Sponsors ❤",
        "url": "https://github.com/sponsors/dmonad"
      }
    }
  },
  "dependencies": {
    "@types/lodash": {
      "version": "4.14.178",
      "resolved": "https://registry.npmjs.org/@types/lodash/-/lodash-4.14.178.tgz",
      "integrity": "sha512-0d5Wd09ItQWH1qFbEyQ7oTQ3GZrMfth5JkbN3EvTKLXcHLRDSXeLnlvlOn0wvxVIwK5o2M8JzP/OWz7T3NRsbw==",
      "dev": true
    },
    "fast-check": {
      "version": "2.20.0",
      "resolved": "https://registry.npmjs.org/fast-check/-/fast-check-2.20.0.tgz",
      "integrity": "sha512-tFNjLyPnOUg6iimVxOtoWMJOIyybCo7B8gUGm1yv43jDCQ0hlPUn0fmna/XO/n1yPxn/dxQw3+IygPSbMDiiog==",
      "dev": true,
      "requires": {
        "pure-rand": "^5.0.0"
      }
    },
    "isomorphic.js": {
      "version": "0.2.4",
      "resolved": "https://registry.npmjs.org/isomorphic.js/-/isomorphic.js-0.2.4.tgz",
      "integrity": "sha512-Y4NjZceAwaPXctwsHgNsmfuPxR8lJ3f8X7QTAkhltrX4oGIv+eTlgHLXn4tWysC9zGTi929gapnPp+8F8cg7nA==",
      "dev": true
    },
    "lib0": {
      "version": "0.2.43",
      "resolved": "https://registry.npmjs.org/lib0/-/lib0-0.2.43.tgz",
      "integrity": "sha512-MJ1KLoz5p3gljIUBfdjjNuL/wlWHHK6+DrcIRhzSRLvtAu1XNdRtRGATYM51KSTI0P2nxJZFQM8rwCH6ga9KUw==",
      "dev": true,
      "requires": {
        "isomorphic.js": "^0.2.4"
      }
    },
    "lodash": {
      "version": "4.17.21",
      "resolved": "https://registry.npmjs.org/lodash/-/lodash-4.17.21.tgz",
      "integrity": "sha512-v2kDEe57lecTulaDIuNTPy3Ry4gLGJ6Z1O3vE1krgXZNrsQ+LFTGHVxVjcXPs17LhbZVGedAJv8XZ1tvj5FvSg=="
    },
    "pure-rand": {
      "version": "5.0.0",
      "resolved": "https://registry.npmjs.org/pure-rand/-/pure-rand-5.0.0.tgz",
      "integrity": "sha512-lD2/y78q+7HqBx2SaT6OT4UcwtvXNRfEpzYEzl0EQ+9gZq2Qi3fa0HDnYPeqQwhlHJFBUhT7AO3mLU3+8bynHA==",
      "dev": true
    },
    "yjs": {
      "version": "13.5.23",
      "resolved": "https://registry.npmjs.org/yjs/-/yjs-13.5.23.tgz",
      "integrity": "sha512-6FIERqyRmUsUXe8QmwiNuPMPuN/IBIpy/748zvVghcwQICFnpXdrIqpvewVN3bf6G1a677wqCtgkbxQvcDPD5w==",
      "dev": true,
      "requires": {
        "lib0": "^0.2.43"
      }
    }
  }
}
